{
    "_meta": {
        "hash": {
            "sha256": "84ff25a6d3a0a0a12e5171825a4b6deab122465f2a4aeea36c01bffef2e934ff"
        },
        "pipfile-spec": 6,
        "requires": {
            "python_version": "3.13"
        },
        "sources": [
            {
                "name": "pypi",
                "url": "https://pypi.org/simple",
                "verify_ssl": true
            }
        ]
    },
    "default": {
        "bcrypt": {
            "hashes": [
                "sha256:0042b2e342e9ae3d2ed22727c1262f76cc4f345683b5c1715f0250cf4277294f",
                "sha256:0142b2cb84a009f8452c8c5a33ace5e3dfec4159e7735f5afe9a4d50a8ea722d",
                "sha256:08bacc884fd302b611226c01014eca277d48f0a05187666bca23aac0dad6fe24",
                "sha256:0d3efb1157edebfd9128e4e46e2ac1a64e0c1fe46fb023158a407c7892b0f8c3",
                "sha256:0e30e5e67aed0187a1764911af023043b4542e70a7461ad20e837e94d23e1d6c",
                "sha256:107d53b5c67e0bbc3f03ebf5b030e0403d24dda980f8e244795335ba7b4a027d",
                "sha256:12fa6ce40cde3f0b899729dbd7d5e8811cb892d31b6f7d0334a1f37748b789fd",
                "sha256:17a854d9a7a476a89dcef6c8bd119ad23e0f82557afbd2c442777a16408e614f",
                "sha256:191354ebfe305e84f344c5964c7cd5f924a3bfc5d405c75ad07f232b6dffb49f",
                "sha256:2ef6630e0ec01376f59a006dc72918b1bf436c3b571b80fa1968d775fa02fe7d",
                "sha256:3004df1b323d10021fda07a813fd33e0fd57bef0e9a480bb143877f6cba996fe",
                "sha256:335a420cfd63fc5bc27308e929bee231c15c85cc4c496610ffb17923abf7f231",
                "sha256:33752b1ba962ee793fa2b6321404bf20011fe45b9afd2a842139de3011898fef",
                "sha256:3a3fd2204178b6d2adcf09cb4f6426ffef54762577a7c9b54c159008cb288c18",
                "sha256:3b8d62290ebefd49ee0b3ce7500f5dbdcf13b81402c05f6dafab9a1e1b27212f",
                "sha256:3e36506d001e93bffe59754397572f21bb5dc7c83f54454c990c74a468cd589e",
                "sha256:41261d64150858eeb5ff43c753c4b216991e0ae16614a308a15d909503617732",
                "sha256:50e6e80a4bfd23a25f5c05b90167c19030cf9f87930f7cb2eacb99f45d1c3304",
                "sha256:531457e5c839d8caea9b589a1bcfe3756b0547d7814e9ce3d437f17da75c32b0",
                "sha256:55a935b8e9a1d2def0626c4269db3fcd26728cbff1e84f0341465c31c4ee56d8",
                "sha256:57967b7a28d855313a963aaea51bf6df89f833db4320da458e5b3c5ab6d4c938",
                "sha256:584027857bc2843772114717a7490a37f68da563b3620f78a849bcb54dc11e62",
                "sha256:59e1aa0e2cd871b08ca146ed08445038f42ff75968c7ae50d2fdd7860ade2180",
                "sha256:5bd3cca1f2aa5dbcf39e2aa13dd094ea181f48959e1071265de49cc2b82525af",
                "sha256:5c1949bf259a388863ced887c7861da1df681cb2388645766c89fdfd9004c669",
                "sha256:62f26585e8b219cdc909b6a0069efc5e4267e25d4a3770a364ac58024f62a761",
                "sha256:67a561c4d9fb9465ec866177e7aebcad08fe23aaf6fbd692a6fab69088abfc51",
                "sha256:6fb1fd3ab08c0cbc6826a2e0447610c6f09e983a281b919ed721ad32236b8b23",
                "sha256:74a8d21a09f5e025a9a23e7c0fd2c7fe8e7503e4d356c0a2c1486ba010619f09",
                "sha256:79e70b8342a33b52b55d93b3a59223a844962bef479f6a0ea318ebbcadf71505",
                "sha256:7a4be4cbf241afee43f1c3969b9103a41b40bcb3a3f467ab19f891d9bc4642e4",
                "sha256:7c03296b85cb87db865d91da79bf63d5609284fc0cab9472fdd8367bbd830753",
                "sha256:842d08d75d9fe9fb94b18b071090220697f9f184d4547179b60734846461ed59",
                "sha256:864f8f19adbe13b7de11ba15d85d4a428c7e2f344bac110f667676a0ff84924b",
                "sha256:97eea7408db3a5bcce4a55d13245ab3fa566e23b4c67cd227062bb49e26c585d",
                "sha256:a839320bf27d474e52ef8cb16449bb2ce0ba03ca9f44daba6d93fa1d8828e48a",
                "sha256:afe327968aaf13fc143a56a3360cb27d4ad0345e34da12c7290f1b00b8fe9a8b",
                "sha256:b4d4e57f0a63fd0b358eb765063ff661328f69a04494427265950c71b992a39a",
                "sha256:b6354d3760fcd31994a14c89659dee887f1351a06e5dac3c1142307172a79f90",
                "sha256:b693dbb82b3c27a1604a3dff5bfc5418a7e6a781bb795288141e5f80cf3a3492",
                "sha256:bdc6a24e754a555d7316fa4774e64c6c3997d27ed2d1964d55920c7c227bc4ce",
                "sha256:beeefe437218a65322fbd0069eb437e7c98137e08f22c4660ac2dc795c31f8bb",
                "sha256:c5eeac541cefd0bb887a371ef73c62c3cd78535e4887b310626036a7c0a817bb",
                "sha256:c950d682f0952bafcceaf709761da0a32a942272fad381081b51096ffa46cea1",
                "sha256:d9af79d322e735b1fc33404b5765108ae0ff232d4b54666d46730f8ac1a43676",
                "sha256:e53e074b120f2877a35cc6c736b8eb161377caae8925c17688bd46ba56daaa5b",
                "sha256:e965a9c1e9a393b8005031ff52583cedc15b7884fce7deb8b0346388837d6cfe",
                "sha256:f01e060f14b6b57bbb72fc5b4a83ac21c443c9a2ee708e04a10e9192f90a6281",
                "sha256:f1e3ffa1365e8702dc48c8b360fef8d7afeca482809c5e45e653af82ccd088c1",
                "sha256:f6746e6fec103fcd509b96bacdfdaa2fbde9a553245dbada284435173a6f1aef",
                "sha256:f81b0ed2639568bf14749112298f9e4e2b28853dab50a8b357e31798686a036d"
            ],
            "index": "pypi",
            "markers": "python_version >= '3.8'",
            "version": "==4.3.0"
        },
        "blinker": {
            "hashes": [
                "sha256:b4ce2265a7abece45e7cc896e98dbebe6cead56bcf805a3d23136d145f5445bf",
                "sha256:ba0efaa9080b619ff2f3459d1d500c57bddea4a6b424b60a91141db6fd2f08bc"
            ],
            "markers": "python_version >= '3.9'",
            "version": "==1.9.0"
        },
        "click": {
            "hashes": [
                "sha256:63c132bbbed01578a06712a2d1f497bb62d9c1c0d329b7903a866228027263b2",
                "sha256:ed53c9d8990d83c2a27deae68e4ee337473f6330c040a31d4225c9574d16096a"
            ],
            "markers": "python_version >= '3.7'",
            "version": "==8.1.8"
        },
        "colorama": {
            "hashes": [
                "sha256:08695f5cb7ed6e0531a20572697297273c47b8cae5a63ffc6d6ed5c201be6e44",
                "sha256:4f1d9991f5acc0ca119f9d443620b77f9d6b33703e51011c16baf57afb285fc6"
            ],
            "markers": "python_version >= '2.7' and python_version not in '3.0, 3.1, 3.2, 3.3, 3.4, 3.5, 3.6'",
            "version": "==0.4.6"
        },
        "dnspython": {
            "hashes": [
                "sha256:b4c34b7d10b51bcc3a5071e7b8dee77939f1e878477eeecc965e9835f63c6c86",
                "sha256:ce9c432eda0dc91cf618a5cedf1a4e142651196bbcd2c80e89ed5a907e5cfaf1"
            ],
            "markers": "python_version >= '3.9'",
            "version": "==2.7.0"
        },
        "flask": {
            "hashes": [
                "sha256:5f873c5184c897c8d9d1b05df1e3d01b14910ce69607a117bd3277098a5836ac",
                "sha256:d667207822eb83f1c4b50949b1623c8fc8d51f2341d65f72e1a1815397551136"
            ],
            "index": "pypi",
            "markers": "python_version >= '3.9'",
            "version": "==3.1.0"
        },
        "flask-cors": {
            "hashes": [
                "sha256:6ccb38d16d6b72bbc156c1c3f192bc435bfcc3c2bc864b2df1eb9b2d97b2403c",
                "sha256:fa5cb364ead54bbf401a26dbf03030c6b18fb2fcaf70408096a572b409586b0c"
            ],
            "index": "pypi",
            "markers": "python_version >= '3.9' and python_version < '4.0'",
            "version": "==5.0.1"
        },
        "flask-marshmallow": {
            "hashes": [
                "sha256:27a35d0ce5dcba161cc5f2f4764afbc2536c93fa439a793250b827835e3f3be6",
                "sha256:c0a0644b46406851873ab41c1e8a7de3ef27fa69b00b89bf630f1696ec0813a0"
            ],
            "index": "pypi",
            "markers": "python_version >= '3.9'",
            "version": "==1.3.0"
        },
        "flask-mongoengine-3": {
            "hashes": [
                "sha256:52798119cd990ed0513572e7060bba272b3664e55164ae1e767436b1ff412b97",
                "sha256:d5bc2dfc2de712bc51526d15c9e4f39330213168ce464601a6fd53992e13b461"
            ],
            "index": "pypi",
            "markers": "python_version >= '3.8'",
            "version": "==1.1.0"
        },
        "itsdangerous": {
            "hashes": [
                "sha256:c6242fc49e35958c8b15141343aa660db5fc54d4f13a1db01a3f5891b98700ef",
                "sha256:e0050c0b7da1eea53ffaf149c0cfbb5c6e2e2b69c4bef22c81fa6eb73e5f6173"
            ],
            "markers": "python_version >= '3.8'",
            "version": "==2.2.0"
        },
        "jinja2": {
            "hashes": [
                "sha256:0137fb05990d35f1275a587e9aee6d56da821fc83491a0fb838183be43f66d6d",
                "sha256:85ece4451f492d0c13c5dd7c13a64681a86afae63a5f347908daf103ce6d2f67"
            ],
            "markers": "python_version >= '3.7'",
            "version": "==3.1.6"
        },
        "markupsafe": {
            "hashes": [
                "sha256:0bff5e0ae4ef2e1ae4fdf2dfd5b76c75e5c2fa4132d05fc1b0dabcd20c7e28c4",
                "sha256:0f4ca02bea9a23221c0182836703cbf8930c5e9454bacce27e767509fa286a30",
                "sha256:1225beacc926f536dc82e45f8a4d68502949dc67eea90eab715dea3a21c1b5f0",
                "sha256:131a3c7689c85f5ad20f9f6fb1b866f402c445b220c19fe4308c0b147ccd2ad9",
                "sha256:15ab75ef81add55874e7ab7055e9c397312385bd9ced94920f2802310c930396",
                "sha256:1a9d3f5f0901fdec14d8d2f66ef7d035f2157240a433441719ac9a3fba440b13",
                "sha256:1c99d261bd2d5f6b59325c92c73df481e05e57f19837bdca8413b9eac4bd8028",
                "sha256:1e084f686b92e5b83186b07e8a17fc09e38fff551f3602b249881fec658d3eca",
                "sha256:2181e67807fc2fa785d0592dc2d6206c019b9502410671cc905d132a92866557",
                "sha256:2cb8438c3cbb25e220c2ab33bb226559e7afb3baec11c4f218ffa7308603c832",
                "sha256:3169b1eefae027567d1ce6ee7cae382c57fe26e82775f460f0b2778beaad66c0",
                "sha256:3809ede931876f5b2ec92eef964286840ed3540dadf803dd570c3b7e13141a3b",
                "sha256:38a9ef736c01fccdd6600705b09dc574584b89bea478200c5fbf112a6b0d5579",
                "sha256:3d79d162e7be8f996986c064d1c7c817f6df3a77fe3d6859f6f9e7be4b8c213a",
                "sha256:444dcda765c8a838eaae23112db52f1efaf750daddb2d9ca300bcae1039adc5c",
                "sha256:48032821bbdf20f5799ff537c7ac3d1fba0ba032cfc06194faffa8cda8b560ff",
                "sha256:4aa4e5faecf353ed117801a068ebab7b7e09ffb6e1d5e412dc852e0da018126c",
                "sha256:52305740fe773d09cffb16f8ed0427942901f00adedac82ec8b67752f58a1b22",
                "sha256:569511d3b58c8791ab4c2e1285575265991e6d8f8700c7be0e88f86cb0672094",
                "sha256:57cb5a3cf367aeb1d316576250f65edec5bb3be939e9247ae594b4bcbc317dfb",
                "sha256:5b02fb34468b6aaa40dfc198d813a641e3a63b98c2b05a16b9f80b7ec314185e",
                "sha256:6381026f158fdb7c72a168278597a5e3a5222e83ea18f543112b2662a9b699c5",
                "sha256:6af100e168aa82a50e186c82875a5893c5597a0c1ccdb0d8b40240b1f28b969a",
                "sha256:6c89876f41da747c8d3677a2b540fb32ef5715f97b66eeb0c6b66f5e3ef6f59d",
                "sha256:6e296a513ca3d94054c2c881cc913116e90fd030ad1c656b3869762b754f5f8a",
                "sha256:70a87b411535ccad5ef2f1df5136506a10775d267e197e4cf531ced10537bd6b",
                "sha256:7e94c425039cde14257288fd61dcfb01963e658efbc0ff54f5306b06054700f8",
                "sha256:846ade7b71e3536c4e56b386c2a47adf5741d2d8b94ec9dc3e92e5e1ee1e2225",
                "sha256:88416bd1e65dcea10bc7569faacb2c20ce071dd1f87539ca2ab364bf6231393c",
                "sha256:88b49a3b9ff31e19998750c38e030fc7bb937398b1f78cfa599aaef92d693144",
                "sha256:8c4e8c3ce11e1f92f6536ff07154f9d49677ebaaafc32db9db4620bc11ed480f",
                "sha256:8e06879fc22a25ca47312fbe7c8264eb0b662f6db27cb2d3bbbc74b1df4b9b87",
                "sha256:9025b4018f3a1314059769c7bf15441064b2207cb3f065e6ea1e7359cb46db9d",
                "sha256:93335ca3812df2f366e80509ae119189886b0f3c2b81325d39efdb84a1e2ae93",
                "sha256:9778bd8ab0a994ebf6f84c2b949e65736d5575320a17ae8984a77fab08db94cf",
                "sha256:9e2d922824181480953426608b81967de705c3cef4d1af983af849d7bd619158",
                "sha256:a123e330ef0853c6e822384873bef7507557d8e4a082961e1defa947aa59ba84",
                "sha256:a904af0a6162c73e3edcb969eeeb53a63ceeb5d8cf642fade7d39e7963a22ddb",
                "sha256:ad10d3ded218f1039f11a75f8091880239651b52e9bb592ca27de44eed242a48",
                "sha256:b424c77b206d63d500bcb69fa55ed8d0e6a3774056bdc4839fc9298a7edca171",
                "sha256:b5a6b3ada725cea8a5e634536b1b01c30bcdcd7f9c6fff4151548d5bf6b3a36c",
                "sha256:ba8062ed2cf21c07a9e295d5b8a2a5ce678b913b45fdf68c32d95d6c1291e0b6",
                "sha256:ba9527cdd4c926ed0760bc301f6728ef34d841f405abf9d4f959c478421e4efd",
                "sha256:bbcb445fa71794da8f178f0f6d66789a28d7319071af7a496d4d507ed566270d",
                "sha256:bcf3e58998965654fdaff38e58584d8937aa3096ab5354d493c77d1fdd66d7a1",
                "sha256:c0ef13eaeee5b615fb07c9a7dadb38eac06a0608b41570d8ade51c56539e509d",
                "sha256:cabc348d87e913db6ab4aa100f01b08f481097838bdddf7c7a84b7575b7309ca",
                "sha256:cdb82a876c47801bb54a690c5ae105a46b392ac6099881cdfb9f6e95e4014c6a",
                "sha256:cfad01eed2c2e0c01fd0ecd2ef42c492f7f93902e39a42fc9ee1692961443a29",
                "sha256:d16a81a06776313e817c951135cf7340a3e91e8c1ff2fac444cfd75fffa04afe",
                "sha256:d8213e09c917a951de9d09ecee036d5c7d36cb6cb7dbaece4c71a60d79fb9798",
                "sha256:e07c3764494e3776c602c1e78e298937c3315ccc9043ead7e685b7f2b8d47b3c",
                "sha256:e17c96c14e19278594aa4841ec148115f9c7615a47382ecb6b82bd8fea3ab0c8",
                "sha256:e444a31f8db13eb18ada366ab3cf45fd4b31e4db1236a4448f68778c1d1a5a2f",
                "sha256:e6a2a455bd412959b57a172ce6328d2dd1f01cb2135efda2e4576e8a23fa3b0f",
                "sha256:eaa0a10b7f72326f1372a713e73c3f739b524b3af41feb43e4921cb529f5929a",
                "sha256:eb7972a85c54febfb25b5c4b4f3af4dcc731994c7da0d8a0b4a6eb0640e1d178",
                "sha256:ee55d3edf80167e48ea11a923c7386f4669df67d7994554387f84e7d8b0a2bf0",
                "sha256:f3818cb119498c0678015754eba762e0d61e5b52d34c8b13d770f0719f7b1d79",
                "sha256:f8b3d067f2e40fe93e1ccdd6b2e1d16c43140e76f02fb1319a05cf2b79d99430",
                "sha256:fcabf5ff6eea076f859677f5f0b6b5c1a51e70a376b0579e0eadef8db48c6b50"
            ],
            "markers": "python_version >= '3.9'",
            "version": "==3.0.2"
        },
        "marshmallow": {
            "hashes": [
                "sha256:3b6e80aac299a7935cfb97ed01d1854fb90b5079430969af92118ea1b12a8d55",
                "sha256:e7b0528337e9990fd64950f8a6b3a1baabed09ad17a0dfb844d701151f92d203"
            ],
            "index": "pypi",
            "markers": "python_version >= '3.9'",
            "version": "==4.0.0"
        },
        "mongoengine": {
            "hashes": [
                "sha256:3b43abaf2d5f0b7d39efc2b7d9e78f4d4a5dc7ce92b9889ba81a5a9b8dee3cf3",
                "sha256:9302ec407dd60f47f62cc07684d9f6cac87f1e93283c54203851788104d33df4"
            ],
            "index": "pypi",
            "markers": "python_version >= '3.7'",
            "version": "==0.29.1"
        },
        "pymongo": {
            "hashes": [
                "sha256:0517c363f31f770cfa450df7d52a73340168bde71fac423b2b3eea0336468f3e",
                "sha256:07c6e9ade249fa811fa344467889f61221eb533b8465de7e1c467cca03b38a1e",
                "sha256:0ba42b4f2046595f64c492ef73c92ac78c502db59024c9be0113d0a33ed60c15",
                "sha256:0bd0cc14726baa07081abe8ecda309a1049992b84b37d3c50c5fbd7f935b8925",
                "sha256:0f3104bd97642f508f70a83af256b9d88e9a7319e8048c27f1c8ca6572ad7b7f",
                "sha256:13953f8bbdbfee00530ac9f5c09a2474b81cd76648925012b5cfd2727293bd17",
                "sha256:1525051c13984365c4a9b88ee2d63009fae277921bc89a0d323b52c51f91cbac",
                "sha256:1897c64a11e19aae4e85126441f319c3bf3fb7b60d122f51528cab2b95caaad3",
                "sha256:27806c4310203a19af868f4aedd09615ffa613d4e13570954df10193b29f7fd3",
                "sha256:34fd8681b6fa6e1025dd1000004f6b81cbf1961f145b8c58bd15e3957976068d",
                "sha256:3b28ecd1305b89089be14f137ffbdf98a3b9f5c8dbbb2be4dec084f2813fbd5f",
                "sha256:3dc3c26f52214119b86decdd8ef4595610cfbff67401f47be14eb433afb1d838",
                "sha256:40dd2b771387e3ac297399b7b4d9a4bfffbaabba6f17c79996e8462cde3e7c30",
                "sha256:40e2812e5b546f7ceef4abf82c31d4790d9878f2a0d43a67a2645de3eb06bdca",
                "sha256:43afd2f39182731ac9fb81bbc9439d539e4bd2eda72cdee829d2fa906a1c4d37",
                "sha256:457eed26aa307c8d92edaf9be2ba9551b54af72bc7cd555706644374f155331c",
                "sha256:46d86cf91ee9609d0713242a1d99fa9e9c60b4315e1a067b9a9e769bedae629d",
                "sha256:5ad689e0e4f364809084f9e5888b2dcd6f0431b682a1c68f3fdf241e20e14475",
                "sha256:5db1a20d0223af2bbbbfd5f8b7f1ff0f08628c245096bad12ddeee86db226925",
                "sha256:5e9d23a3c290cf7409515466a7f11069b70e38ea2b786bbd7437bdc766c9e176",
                "sha256:670bb6c9163f2623d8e3c42ff029dc89d2e8bf41feeeea4c11a8a21f9a9b0df7",
                "sha256:71edcd51265e69d73d10f032164983701d3efa768c946a2736ec4d40793bf63e",
                "sha256:72b45f7e72b2db4cd7abd40c38c57ed4105d7be0d4dce85a6b77a730e8a613f7",
                "sha256:730a19d96ef902ee8d8f9e84738142d355096becb677ec82489dc9ad8e54d8e9",
                "sha256:777800dc731ea7713635a44dcfb93d88eb2be4b31883feb3238afce5d32ef6d5",
                "sha256:7af466b5dc2c6dcdce78677b4d60886c48c70810c3ebe355f210a0f9ededb156",
                "sha256:7c2269b37f034124a245eaeb34ce031cee64610437bd597d4a883304babda3cd",
                "sha256:7c9d447042433b3574df8d7d1b3bb9b1f1277d019534b29a39fd92670ab72d4e",
                "sha256:808168f5f4398c0057d15f21b1453de323157447915179c7afedf4334d2a1815",
                "sha256:827ac668c003da7b175b8e5f521850e2c182b4638a3dec96d97f0866d5508a1e",
                "sha256:8921bac7f98cccb593d76c4d8eaa1447e7d537ba9a2a202973e92372a05bd1eb",
                "sha256:8f9b18abca210c2917041ab2a380c12f6ddd2810844f1d64afb39caf8a15425e",
                "sha256:90de2b060d69c22658ada162a5380a0f88cb8c0149023241b9e379732bd36152",
                "sha256:981e19b8f1040247dee5f7879e45f640f7e21a4d87eabb19283ce5a2927dd2e7",
                "sha256:9a1f07fe83a8a34651257179bd38d0f87bd9d90577fcca23364145c5e8ba1bc0",
                "sha256:a34e4a08bbcff56fdee86846afbc9ce751de95706ca189463e01bf5de3dd9927",
                "sha256:a7b771aa2f0854ddf7861e8ce2365f29df9159393543d047e43d8475bc4b8813",
                "sha256:b063344e0282537f05dbb11147591cbf58fc09211e24fc374749e343f880910a",
                "sha256:b41235014031739f32be37ff13992f51091dae9a5189d3bcc22a5bf81fd90dae",
                "sha256:b5e5968da22f5534fc678dad58d3e9f7305bf53abc94968c800335b1f511ab8b",
                "sha256:c0c8dbb6a10753cbbbcb3e8ab723f87cb520de855e667a32dd2889e73323e82f",
                "sha256:c3e90b2114e876c0a2864f729f32b025114920c6f00898a6d5ef41dba98d8690",
                "sha256:c3f7941e01b3e5d4bfb3b4711425e809df8c471b92d1da8d6fab92c7e334a4cb",
                "sha256:c9a487dc1fe92736987a156325d3d9c66cbde6eac658b2875f5f222b6d82edca",
                "sha256:d004b13e4f03d73a3ad38505ba84b61a2c8ba0a304f02fe1b27bfc986c244192",
                "sha256:d4285d7ffedc7adc0531949e66d5f884801c522e7a30cdfcf80e2727b9dbee8c",
                "sha256:d5d4c0461f5cd84d9fe87d5a84b1bc16371c4dd64d56dcfe5e69b15c0545a5ac",
                "sha256:d9d90fec041c6d695a639c26ca83577aa74383f5e3744fd7931537b208d5a1b5",
                "sha256:e75c42dedc5f59a985976f8bc2e2f0b90c44ce40fa9a2e99b147ec7e64c735a2",
                "sha256:e95211e335a2a762fd9dfb084579e6ebaec59cd2c6848d7a898af3342ef63f06",
                "sha256:edf4e05331ac875d3b27b4654b74d81e44607af4aa7d6bcd4a31801ca164e6fd",
                "sha256:ee69dba3e023e0fa1b547b4f7a41182618f2e612df09ff954bba32de0111a596",
                "sha256:efeb430f7ca8649a6544a50caefead343d1fd096d04b6b6a002c6ce81148a85c",
                "sha256:f27b22a8215caff68bdf46b5b61ccd843a68334f2aa4658e8d5ecb5d3fbebb3b",
                "sha256:f9d142ca531694e9324b3c9ba86c0e905c5f857599c4018a386c4dc02ca490fa",
                "sha256:fa7a817c9afb7b8775d98c469ddb3fe9c17daf53225394c1a74893cf45d3ade9",
                "sha256:fc5fad32274a1de9dfe13d06da169cf2a405a98f049595aafda13af02921853e"
            ],
            "index": "pypi",
            "markers": "python_version >= '3.9'",
            "version": "==4.12.1"
        },
        "werkzeug": {
            "hashes": [
                "sha256:54b78bf3716d19a65be4fceccc0d1d7b89e608834989dfae50ea87564639213e",
                "sha256:60723ce945c19328679790e3282cc758aa4a6040e4bb330f53d30fa546d44746"
            ],
            "markers": "python_version >= '3.9'",
            "version": "==3.1.3"
        }
    },
    "develop": {}
}
